Microsoft Visual Studio Solution File, Format Version 11.00
# Visual Studio 2008

Project("{321D5B4A-D6DD-2333-941E-65445D815C90}") = "FlowFields3D", "Assembly-CSharp-firstpass-vs.csproj", "{9650697D-4199-A1DA-1612-52E47D4A59DA}"
EndProject
Project("{321D5B4A-D6DD-2333-941E-65445D815C90}") = "FlowFields3D", "Assembly-CSharp-vs.csproj", "{69078C88-E32B-BE61-C206-D1C5A026417F}"
EndProject
Project("{321D5B4A-D6DD-2333-941E-65445D815C90}") = "FlowFields3D", "Assembly-CSharp-Editor-vs.csproj", "{72BA8A24-0ACC-0778-2C2B-B81680AFABFD}"
EndProject
Global
	GlobalSection(SolutionConfigurationPlatforms) = preSolution
		Debug|Any CPU = Debug|Any CPU
		Release|Any CPU = Release|Any CPU
	EndGlobalSection
	GlobalSection(ProjectConfigurationPlatforms) = postSolution
		{9650697D-4199-A1DA-1612-52E47D4A59DA}.Debug|Any CPU.ActiveCfg = Debug|Any CPU
		{9650697D-4199-A1DA-1612-52E47D4A59DA}.Debug|Any CPU.Build.0 = Debug|Any CPU
		{9650697D-4199-A1DA-1612-52E47D4A59DA}.Release|Any CPU.ActiveCfg = Release|Any CPU
		{9650697D-4199-A1DA-1612-52E47D4A59DA}.Release|Any CPU.Build.0 = Release|Any CPU
		{69078C88-E32B-BE61-C206-D1C5A026417F}.Debug|Any CPU.ActiveCfg = Debug|Any CPU
		{69078C88-E32B-BE61-C206-D1C5A026417F}.Debug|Any CPU.Build.0 = Debug|Any CPU
		{69078C88-E32B-BE61-C206-D1C5A026417F}.Release|Any CPU.ActiveCfg = Release|Any CPU
		{69078C88-E32B-BE61-C206-D1C5A026417F}.Release|Any CPU.Build.0 = Release|Any CPU
		{72BA8A24-0ACC-0778-2C2B-B81680AFABFD}.Debug|Any CPU.ActiveCfg = Debug|Any CPU
		{72BA8A24-0ACC-0778-2C2B-B81680AFABFD}.Debug|Any CPU.Build.0 = Debug|Any CPU
		{72BA8A24-0ACC-0778-2C2B-B81680AFABFD}.Release|Any CPU.ActiveCfg = Release|Any CPU
		{72BA8A24-0ACC-0778-2C2B-B81680AFABFD}.Release|Any CPU.Build.0 = Release|Any CPU
	EndGlobalSection
	GlobalSection(SolutionProperties) = preSolution
		HideSolutionNode = FALSE
	EndGlobalSection
																																																																																																																																																																																				GlobalSection(MonoDevelopProperties) = preSolution
																																																																																					GlobalSection(MonoDevelopProperties) = preSolution
		StartupItem = Assembly-CSharp.csproj
		Policies = $0
		$0.TextStylePolicy = $1
		$1.inheritsSet = null
		$1.scope = text/x-csharp
		$0.CSharpFormattingPolicy = $2
		$2.inheritsSet = Mono
		$2.inheritsScope = text/x-csharp
		$2.scope = text/x-csharp
		$0.TextStylePolicy = $3
		$3.FileWidth = 120
		$3.TabWidth = 4
		$3.EolMarker = Unix
		$3.inheritsSet = Mono
		$3.inheritsScope = text/plain
		$3.scope = text/plain
	EndGlobalSection

EndGlobal
